// !$*UTF8*$!
{
	archiveVersion = 1;
	classes = {
	};
	objectVersion = 46;
	objects = {

/* Begin PBXBuildFile section */
		C97B39871E01C5B9005426F4 /* CQTKit.framework in Frameworks */ = {isa = PBXBuildFile; fileRef = C97B397D1E01C5B9005426F4 /* CQTKit.framework */; };
		C97B398C1E01C5B9005426F4 /* CQTKitTests.mm in Sources */ = {isa = PBXBuildFile; fileRef = C97B398B1E01C5B9005426F4 /* CQTKitTests.mm */; };
		C97B398E1E01C5B9005426F4 /* CQTKit.h in Headers */ = {isa = PBXBuildFile; fileRef = C97B39801E01C5B9005426F4 /* CQTKit.h */; settings = {ATTRIBUTES = (Public, ); }; };
		C97B39991E01C5D8005426F4 /* CQT.cpp in Sources */ = {isa = PBXBuildFile; fileRef = C97B39971E01C5D8005426F4 /* CQT.cpp */; };
		C97B399A1E01C5D8005426F4 /* CQT.hpp in Headers */ = {isa = PBXBuildFile; fileRef = C97B39981E01C5D8005426F4 /* CQT.hpp */; settings = {ATTRIBUTES = (Public, ); }; };
		C97B399D1E01F635005426F4 /* Accelerate.framework in Frameworks */ = {isa = PBXBuildFile; fileRef = C97B399C1E01F635005426F4 /* Accelerate.framework */; };
/* End PBXBuildFile section */

/* Begin PBXContainerItemProxy section */
		C97B39881E01C5B9005426F4 /* PBXContainerItemProxy */ = {
			isa = PBXContainerItemProxy;
			containerPortal = C97B39741E01C5B9005426F4 /* Project object */;
			proxyType = 1;
			remoteGlobalIDString = C97B397C1E01C5B9005426F4;
			remoteInfo = CQTKit;
		};
/* End PBXContainerItemProxy section */

/* Begin PBXFileReference section */
		C97B397D1E01C5B9005426F4 /* CQTKit.framework */ = {isa = PBXFileReference; explicitFileType = wrapper.framework; includeInIndex = 0; path = CQTKit.framework; sourceTree = BUILT_PRODUCTS_DIR; };
		C97B39801E01C5B9005426F4 /* CQTKit.h */ = {isa = PBXFileReference; lastKnownFileType = sourcecode.c.h; path = CQTKit.h; sourceTree = "<group>"; };
		C97B39811E01C5B9005426F4 /* Info.plist */ = {isa = PBXFileReference; lastKnownFileType = text.plist.xml; path = Info.plist; sourceTree = "<group>"; };
		C97B39861E01C5B9005426F4 /* CQTKitTests.xctest */ = {isa = PBXFileReference; explicitFileType = wrapper.cfbundle; includeInIndex = 0; path = CQTKitTests.xctest; sourceTree = BUILT_PRODUCTS_DIR; };
		C97B398B1E01C5B9005426F4 /* CQTKitTests.mm */ = {isa = PBXFileReference; lastKnownFileType = sourcecode.cpp.objcpp; path = CQTKitTests.mm; sourceTree = "<group>"; };
		C97B398D1E01C5B9005426F4 /* Info.plist */ = {isa = PBXFileReference; lastKnownFileType = text.plist.xml; path = Info.plist; sourceTree = "<group>"; };
		C97B39971E01C5D8005426F4 /* CQT.cpp */ = {isa = PBXFileReference; fileEncoding = 4; lastKnownFileType = sourcecode.cpp.cpp; path = CQT.cpp; sourceTree = "<group>"; };
		C97B39981E01C5D8005426F4 /* CQT.hpp */ = {isa = PBXFileReference; fileEncoding = 4; lastKnownFileType = sourcecode.cpp.h; path = CQT.hpp; sourceTree = "<group>"; };
		C97B399C1E01F635005426F4 /* Accelerate.framework */ = {isa = PBXFileReference; lastKnownFileType = wrapper.framework; name = Accelerate.framework; path = System/Library/Frameworks/Accelerate.framework; sourceTree = SDKROOT; };
/* End PBXFileReference section */

/* Begin PBXFrameworksBuildPhase section */
		C97B39791E01C5B9005426F4 /* Frameworks */ = {
			isa = PBXFrameworksBuildPhase;
			buildActionMask = 2147483647;
			files = (
				C97B399D1E01F635005426F4 /* Accelerate.framework in Frameworks */,
			);
			runOnlyForDeploymentPostprocessing = 0;
		};
		C97B39831E01C5B9005426F4 /* Frameworks */ = {
			isa = PBXFrameworksBuildPhase;
			buildActionMask = 2147483647;
			files = (
				C97B39871E01C5B9005426F4 /* CQTKit.framework in Frameworks */,
			);
			runOnlyForDeploymentPostprocessing = 0;
		};
/* End PBXFrameworksBuildPhase section */

/* Begin PBXGroup section */
		C97B39731E01C5B9005426F4 = {
			isa = PBXGroup;
			children = (
				C97B397F1E01C5B9005426F4 /* CQTKit */,
				C97B398A1E01C5B9005426F4 /* CQTKitTests */,
				C97B397E1E01C5B9005426F4 /* Products */,
				C97B399B1E01F635005426F4 /* Frameworks */,
			);
			sourceTree = "<group>";
		};
		C97B397E1E01C5B9005426F4 /* Products */ = {
			isa = PBXGroup;
			children = (
				C97B397D1E01C5B9005426F4 /* CQTKit.framework */,
				C97B39861E01C5B9005426F4 /* CQTKitTests.xctest */,
			);
			name = Products;
			sourceTree = "<group>";
		};
		C97B397F1E01C5B9005426F4 /* CQTKit */ = {
			isa = PBXGroup;
			children = (
				C97B39971E01C5D8005426F4 /* CQT.cpp */,
				C97B39981E01C5D8005426F4 /* CQT.hpp */,
				C97B39801E01C5B9005426F4 /* CQTKit.h */,
				C97B39811E01C5B9005426F4 /* Info.plist */,
			);
			path = CQTKit;
			sourceTree = "<group>";
		};
		C97B398A1E01C5B9005426F4 /* CQTKitTests */ = {
			isa = PBXGroup;
			children = (
				C97B398B1E01C5B9005426F4 /* CQTKitTests.mm */,
				C97B398D1E01C5B9005426F4 /* Info.plist */,
			);
			path = CQTKitTests;
			sourceTree = "<group>";
		};
		C97B399B1E01F635005426F4 /* Frameworks */ = {
			isa = PBXGroup;
			children = (
				C97B399C1E01F635005426F4 /* Accelerate.framework */,
			);
			name = Frameworks;
			sourceTree = "<group>";
		};
/* End PBXGroup section */

/* Begin PBXHeadersBuildPhase section */
		C97B397A1E01C5B9005426F4 /* Headers */ = {
			isa = PBXHeadersBuildPhase;
			buildActionMask = 2147483647;
			files = (
				C97B398E1E01C5B9005426F4 /* CQTKit.h in Headers */,
				C97B399A1E01C5D8005426F4 /* CQT.hpp in Headers */,
			);
			runOnlyForDeploymentPostprocessing = 0;
		};
/* End PBXHeadersBuildPhase section */

/* Begin PBXNativeTarget section */
		C97B397C1E01C5B9005426F4 /* CQTKit */ = {
			isa = PBXNativeTarget;
			buildConfigurationList = C97B39911E01C5B9005426F4 /* Build configuration list for PBXNativeTarget "CQTKit" */;
			buildPhases = (
				C97B39781E01C5B9005426F4 /* Sources */,
				C97B39791E01C5B9005426F4 /* Frameworks */,
				C97B397A1E01C5B9005426F4 /* Headers */,
				C97B397B1E01C5B9005426F4 /* Resources */,
			);
			buildRules = (
			);
			dependencies = (
			);
			name = CQTKit;
			productName = CQTKit;
			productReference = C97B397D1E01C5B9005426F4 /* CQTKit.framework */;
			productType = "com.apple.product-type.framework";
		};
		C97B39851E01C5B9005426F4 /* CQTKitTests */ = {
			isa = PBXNativeTarget;
			buildConfigurationList = C97B39941E01C5B9005426F4 /* Build configuration list for PBXNativeTarget "CQTKitTests" */;
			buildPhases = (
				C97B39821E01C5B9005426F4 /* Sources */,
				C97B39831E01C5B9005426F4 /* Frameworks */,
				C97B39841E01C5B9005426F4 /* Resources */,
			);
			buildRules = (
			);
			dependencies = (
				C97B39891E01C5B9005426F4 /* PBXTargetDependency */,
			);
			name = CQTKitTests;
			productName = CQTKitTests;
			productReference = C97B39861E01C5B9005426F4 /* CQTKitTests.xctest */;
			productType = "com.apple.product-type.bundle.unit-test";
		};
/* End PBXNativeTarget section */

/* Begin PBXProject section */
		C97B39741E01C5B9005426F4 /* Project object */ = {
			isa = PBXProject;
			attributes = {
				LastUpgradeCheck = 0810;
				ORGANIZATIONNAME = MattRajca;
				TargetAttributes = {
					C97B397C1E01C5B9005426F4 = {
						CreatedOnToolsVersion = 8.1;
						DevelopmentTeam = RJKYY38TY2;
						ProvisioningStyle = Automatic;
					};
					C97B39851E01C5B9005426F4 = {
						CreatedOnToolsVersion = 8.1;
						DevelopmentTeam = RJKYY38TY2;
						ProvisioningStyle = Automatic;
					};
				};
			};
			buildConfigurationList = C97B39771E01C5B9005426F4 /* Build configuration list for PBXProject "CQTKit" */;
			compatibilityVersion = "Xcode 3.2";
			developmentRegion = English;
			hasScannedForEncodings = 0;
			knownRegions = (
				en,
			);
			mainGroup = C97B39731E01C5B9005426F4;
			productRefGroup = C97B397E1E01C5B9005426F4 /* Products */;
			projectDirPath = "";
			projectRoot = "";
			targets = (
				C97B397C1E01C5B9005426F4 /* CQTKit */,
				C97B39851E01C5B9005426F4 /* CQTKitTests */,
			);
		};
/* End PBXProject section */

/* Begin PBXResourcesBuildPhase section */
		C97B397B1E01C5B9005426F4 /* Resources */ = {
			isa = PBXResourcesBuildPhase;
			buildActionMask = 2147483647;
			files = (
			);
			runOnlyForDeploymentPostprocessing = 0;
		};
		C97B39841E01C5B9005426F4 /* Resources */ = {
			isa = PBXResourcesBuildPhase;
			buildActionMask = 2147483647;
			files = (
			);
			runOnlyForDeploymentPostprocessing = 0;
		};
/* End PBXResourcesBuildPhase section */

/* Begin PBXSourcesBuildPhase section */
		C97B39781E01C5B9005426F4 /* Sources */ = {
			isa = PBXSourcesBuildPhase;
			buildActionMask = 2147483647;
			files = (
				C97B39991E01C5D8005426F4 /* CQT.cpp in Sources */,
			);
			runOnlyForDeploymentPostprocessing = 0;
		};
		C97B39821E01C5B9005426F4 /* Sources */ = {
			isa = PBXSourcesBuildPhase;
			buildActionMask = 2147483647;
			files = (
				C97B398C1E01C5B9005426F4 /* CQTKitTests.mm in Sources */,
			);
			runOnlyForDeploymentPostprocessing = 0;
		};
/* End PBXSourcesBuildPhase section */

/* Begin PBXTargetDependency section */
		C97B39891E01C5B9005426F4 /* PBXTargetDependency */ = {
			isa = PBXTargetDependency;
			target = C97B397C1E01C5B9005426F4 /* CQTKit */;
			targetProxy = C97B39881E01C5B9005426F4 /* PBXContainerItemProxy */;
		};
/* End PBXTargetDependency section */

/* Begin XCBuildConfiguration section */
		C97B398F1E01C5B9005426F4 /* Debug */ = {
			isa = XCBuildConfiguration;
			buildSettings = {
				ALWAYS_SEARCH_USER_PATHS = NO;
				CLANG_ANALYZER_NONNULL = YES;
				CLANG_CXX_LANGUAGE_STANDARD = "gnu++0x";
				CLANG_CXX_LIBRARY = "libc++";
				CLANG_ENABLE_MODULES = YES;
				CLANG_ENABLE_OBJC_ARC = YES;
				CLANG_WARN_BOOL_CONVERSION = YES;
				CLANG_WARN_CONSTANT_CONVERSION = YES;
				CLANG_WARN_DIRECT_OBJC_ISA_USAGE = YES_ERROR;
				CLANG_WARN_DOCUMENTATION_COMMENTS = YES;
				CLANG_WARN_EMPTY_BODY = YES;
				CLANG_WARN_ENUM_CONVERSION = YES;
				CLANG_WARN_INFINITE_RECURSION = YES;
				CLANG_WARN_INT_CONVERSION = YES;
				CLANG_WARN_OBJC_ROOT_CLASS = YES_ERROR;
				CLANG_WARN_SUSPICIOUS_MOVES = YES;
				CLANG_WARN_UNREACHABLE_CODE = YES;
				CLANG_WARN__DUPLICATE_METHOD_MATCH = YES;
				CODE_SIGN_IDENTITY = "-";
				COPY_PHASE_STRIP = NO;
				CURRENT_PROJECT_VERSION = 1;
				DEBUG_INFORMATION_FORMAT = dwarf;
				ENABLE_STRICT_OBJC_MSGSEND = YES;
				ENABLE_TESTABILITY = YES;
				GCC_C_LANGUAGE_STANDARD = gnu99;
				GCC_DYNAMIC_NO_PIC = NO;
				GCC_NO_COMMON_BLOCKS = YES;
				GCC_OPTIMIZATION_LEVEL = 0;
				GCC_PREPROCESSOR_DEFINITIONS = (
					"DEBUG=1",
					"$(inherited)",
				);
				GCC_WARN_64_TO_32_BIT_CONVERSION = YES;
				GCC_WARN_ABOUT_RETURN_TYPE = YES_ERROR;
				GCC_WARN_UNDECLARED_SELECTOR = YES;
				GCC_WARN_UNINITIALIZED_AUTOS = YES_AGGRESSIVE;
				GCC_WARN_UNUSED_FUNCTION = YES;
				GCC_WARN_UNUSED_VARIABLE = YES;
				MACOSX_DEPLOYMENT_TARGET = 10.12;
				MTL_ENABLE_DEBUG_INFO = YES;
				ONLY_ACTIVE_ARCH = YES;
				SDKROOT = macosx;
				VERSIONING_SYSTEM = "apple-generic";
				VERSION_INFO_PREFIX = "";
			};
			name = Debug;
		};
		C97B39901E01C5B9005426F4 /* Release */ = {
			isa = XCBuildConfiguration;
			buildSettings = {
				ALWAYS_SEARCH_USER_PATHS = NO;
				CLANG_ANALYZER_NONNULL = YES;
				CLANG_CXX_LANGUAGE_STANDARD = "gnu++0x";
				CLANG_CXX_LIBRARY = "libc++";
				CLANG_ENABLE_MODULES = YES;
				CLANG_ENABLE_OBJC_ARC = YES;
				CLANG_WARN_BOOL_CONVERSION = YES;
				CLANG_WARN_CONSTANT_CONVERSION = YES;
				CLANG_WARN_DIRECT_OBJC_ISA_USAGE = YES_ERROR;
				CLANG_WARN_DOCUMENTATION_COMMENTS = YES;
				CLANG_WARN_EMPTY_BODY = YES;
				CLANG_WARN_ENUM_CONVERSION = YES;
				CLANG_WARN_INFINITE_RECURSION = YES;
				CLANG_WARN_INT_CONVERSION = YES;
				CLANG_WARN_OBJC_ROOT_CLASS = YES_ERROR;
				CLANG_WARN_SUSPICIOUS_MOVES = YES;
				CLANG_WARN_UNREACHABLE_CODE = YES;
				CLANG_WARN__DUPLICATE_METHOD_MATCH = YES;
				CODE_SIGN_IDENTITY = "-";
				COPY_PHASE_STRIP = NO;
				CURRENT_PROJECT_VERSION = 1;
				DEBUG_INFORMATION_FORMAT = "dwarf-with-dsym";
				ENABLE_NS_ASSERTIONS = NO;
				ENABLE_STRICT_OBJC_MSGSEND = YES;
				GCC_C_LANGUAGE_STANDARD = gnu99;
				GCC_NO_COMMON_BLOCKS = YES;
				GCC_WARN_64_TO_32_BIT_CONVERSION = YES;
				GCC_WARN_ABOUT_RETURN_TYPE = YES_ERROR;
				GCC_WARN_UNDECLARED_SELECTOR = YES;
				GCC_WARN_UNINITIALIZED_AUTOS = YES_AGGRESSIVE;
				GCC_WARN_UNUSED_FUNCTION = YES;
				GCC_WARN_UNUSED_VARIABLE = YES;
				MACOSX_DEPLOYMENT_TARGET = 10.12;
				MTL_ENABLE_DEBUG_INFO = NO;
				SDKROOT = macosx;
				VERSIONING_SYSTEM = "apple-generic";
				VERSION_INFO_PREFIX = "";
			};
			name = Release;
		};
		C97B39921E01C5B9005426F4 /* Debug */ = {
			isa = XCBuildConfiguration;
			buildSettings = {
				CODE_SIGN_IDENTITY = "";
				COMBINE_HIDPI_IMAGES = YES;
				DEFINES_MODULE = NO;
				DEVELOPMENT_TEAM = RJKYY38TY2;
				DYLIB_COMPATIBILITY_VERSION = 1;
				DYLIB_CURRENT_VERSION = 1;
				DYLIB_INSTALL_NAME_BASE = "@rpath";
				FRAMEWORK_VERSION = A;
				INFOPLIST_FILE = CQTKit/Info.plist;
				INSTALL_PATH = "$(LOCAL_LIBRARY_DIR)/Frameworks";
				LD_RUNPATH_SEARCH_PATHS = "$(inherited) @executable_path/../Frameworks @loader_path/Frameworks";
				PRODUCT_BUNDLE_IDENTIFIER = com.MattRajca.CQTKit;
				PRODUCT_NAME = "$(TARGET_NAME)";
				SKIP_INSTALL = YES;
			};
			name = Debug;
		};
		C97B39931E01C5B9005426F4 /* Release */ = {
			isa = XCBuildConfiguration;
			buildSettings = {
				CODE_SIGN_IDENTITY = "";
				COMBINE_HIDPI_IMAGES = YES;
				DEFINES_MODULE = NO;
				DEVELOPMENT_TEAM = RJKYY38TY2;
				DYLIB_COMPATIBILITY_VERSION = 1;
				DYLIB_CURRENT_VERSION = 1;
				DYLIB_INSTALL_NAME_BASE = "@rpath";
				FRAMEWORK_VERSION = A;
				INFOPLIST_FILE = CQTKit/Info.plist;
				INSTALL_PATH = "$(LOCAL_LIBRARY_DIR)/Frameworks";
				LD_RUNPATH_SEARCH_PATHS = "$(inherited) @executable_path/../Frameworks @loader_path/Frameworks";
				PRODUCT_BUNDLE_IDENTIFIER = com.MattRajca.CQTKit;
				PRODUCT_NAME = "$(TARGET_NAME)";
				SKIP_INSTALL = YES;
			};
			name = Release;
		};
		C97B39951E01C5B9005426F4 /* Debug */ = {
			isa = XCBuildConfiguration;
			buildSettings = {
				COMBINE_HIDPI_IMAGES = YES;
				DEVELOPMENT_TEAM = RJKYY38TY2;
				INFOPLIST_FILE = CQTKitTests/Info.plist;
				LD_RUNPATH_SEARCH_PATHS = "$(inherited) @executable_path/../Frameworks @loader_path/../Frameworks";
				PRODUCT_BUNDLE_IDENTIFIER = com.MattRajca.CQTKitTests;
				PRODUCT_NAME = "$(TARGET_NAME)";
			};
			name = Debug;
		};
		C97B39961E01C5B9005426F4 /* Release */ = {
			isa = XCBuildConfiguration;
			buildSettings = {
				COMBINE_HIDPI_IMAGES = YES;
				DEVELOPMENT_TEAM = RJKYY38TY2;
				INFOPLIST_FILE = CQTKitTests/Info.plist;
				LD_RUNPATH_SEARCH_PATHS = "$(inherited) @executable_path/../Frameworks @loader_path/../Frameworks";
				PRODUCT_BUNDLE_IDENTIFIER = com.MattRajca.CQTKitTests;
				PRODUCT_NAME = "$(TARGET_NAME)";
			};
			name = Release;
		};
/* End XCBuildConfiguration section */

/* Begin XCConfigurationList section */
		C97B39771E01C5B9005426F4 /* Build configuration list for PBXProject "CQTKit" */ = {
			isa = XCConfigurationList;
			buildConfigurations = (
				C97B398F1E01C5B9005426F4 /* Debug */,
				C97B39901E01C5B9005426F4 /* Release */,
			);
			defaultConfigurationIsVisible = 0;
			defaultConfigurationName = Release;
		};
		C97B39911E01C5B9005426F4 /* Build configuration list for PBXNativeTarget "CQTKit" */ = {
			isa = XCConfigurationList;
			buildConfigurations = (
				C97B39921E01C5B9005426F4 /* Debug */,
				C97B39931E01C5B9005426F4 /* Release */,
			);
			defaultConfigurationIsVisible = 0;
		};
		C97B39941E01C5B9005426F4 /* Build configuration list for PBXNativeTarget "CQTKitTests" */ = {
			isa = XCConfigurationList;
			buildConfigurations = (
				C97B39951E01C5B9005426F4 /* Debug */,
				C97B39961E01C5B9005426F4 /* Release */,
			);
			defaultConfigurationIsVisible = 0;
		};
/* End XCConfigurationList section */
	};
	rootObject = C97B39741E01C5B9005426F4 /* Project object */;
}
